<?xml version="1.0" encoding="utf-8"?>
<Project ToolsVersion="4.0" xmlns="http://schemas.microsoft.com/developer/msbuild/2003">
  <ItemGroup>
    <Filter Include="Source Files">
      <UniqueIdentifier>{4FC737F1-C7A5-4376-A066-2A32D752A2FF}</UniqueIdentifier>
      <Extensions>cpp;c;cc;cxx;def;odl;idl;hpj;bat;asm;asmx</Extensions>
    </Filter>
    <Filter Include="Header Files">
      <UniqueIdentifier>{93995380-89BD-4b04-88EB-625FBE52EBFB}</UniqueIdentifier>
      <Extensions>h;hpp;hxx;hm;inl;inc;xsd</Extensions>
    </Filter>
    <Filter Include="Resource Files">
      <UniqueIdentifier>{67DA6AB6-F800-4c08-8B7A-83BB121AAD01}</UniqueIdentifier>
      <Extensions>rc;ico;cur;bmp;dlg;rc2;rct;bin;rgs;gif;jpg;jpeg;jpe;resx;tiff;tif;png;wav;mfcribbon-ms</Extensions>
    </Filter>
    <Filter Include="Source Files\ShaderFramework">
      <UniqueIdentifier>{a61a67f7-bf36-4d9f-af4e-b9981c9ee27d}</UniqueIdentifier>
    </Filter>
    <Filter Include="Header Files\ShaderFramework">
      <UniqueIdentifier>{be253c10-8829-4c3d-bad2-f0bd4a215708}</UniqueIdentifier>
    </Filter>
    <Filter Include="Header Files\ShaderFramework\HLSL Shaders">
      <UniqueIdentifier>{11e55d40-c0a6-4513-97df-e16660035b15}</UniqueIdentifier>
    </Filter>
    <Filter Include="Header Files\ShaderFramework\Compiled Shaders">
      <UniqueIdentifier>{690cacdf-4fb7-4805-81f7-7724fc83747d}</UniqueIdentifier>
    </Filter>
    <Filter Include="Source Files\Drawables">
      <UniqueIdentifier>{5a6c4ef4-a026-4d9c-af49-6cf611ca4d60}</UniqueIdentifier>
    </Filter>
    <Filter Include="Header Files\TextRendering">
      <UniqueIdentifier>{1f03e692-f3f1-433f-acbf-7873465faac3}</UniqueIdentifier>
    </Filter>
    <Filter Include="Source Files\TextRendering">
      <UniqueIdentifier>{ec78f1eb-bdcb-47d4-8733-61b6b6304d97}</UniqueIdentifier>
    </Filter>
    <Filter Include="Header Files\Drawables">
      <UniqueIdentifier>{39e769f3-6cdc-4f56-9ca3-47438a1d08e2}</UniqueIdentifier>
    </Filter>
    <Filter Include="Header Files\EntityComponents">
      <UniqueIdentifier>{807d0025-974d-4732-aeff-a734bccd53fe}</UniqueIdentifier>
    </Filter>
    <Filter Include="Source Files\EntityComponents">
      <UniqueIdentifier>{661ba2a0-549d-4639-899f-d854e4a9c2d3}</UniqueIdentifier>
    </Filter>
    <Filter Include="Header Files\Colliders">
      <UniqueIdentifier>{d9ea745a-a29d-4308-8fb9-eda516473af0}</UniqueIdentifier>
    </Filter>
    <Filter Include="Source Files\Colliders">
      <UniqueIdentifier>{4ab0c89a-0a1a-494a-8e03-0590c506a962}</UniqueIdentifier>
    </Filter>
    <Filter Include="Header Files\BehaviourTree">
      <UniqueIdentifier>{dda02094-12b7-4bd7-8f41-8283a90b9cb1}</UniqueIdentifier>
    </Filter>
    <Filter Include="Source Files\BehaviourTree">
      <UniqueIdentifier>{6c6ee9f5-5fe0-4b57-bbc9-8bb4d3478740}</UniqueIdentifier>
    </Filter>
    <Filter Include="Header Files\Objects">
      <UniqueIdentifier>{dd322255-946a-4e86-bf35-7008c9798ab2}</UniqueIdentifier>
    </Filter>
    <Filter Include="Source Files\Objects">
      <UniqueIdentifier>{6733c01d-50f4-456b-8b9d-17768f002eab}</UniqueIdentifier>
    </Filter>
    <Filter Include="Header Files\TestEnvironment">
      <UniqueIdentifier>{3331e72a-80e9-464f-84a1-bfdbd018a4c2}</UniqueIdentifier>
    </Filter>
    <Filter Include="Header Files\Application">
      <UniqueIdentifier>{343818c8-28cc-4f79-8018-833887df59c6}</UniqueIdentifier>
    </Filter>
    <Filter Include="Header Files\Rendering">
      <UniqueIdentifier>{f589082c-7837-4ea8-a415-501138bc851d}</UniqueIdentifier>
    </Filter>
    <Filter Include="Header Files\Input">
      <UniqueIdentifier>{dd98d5cd-c487-4e91-98c4-d5d7ca67ba57}</UniqueIdentifier>
    </Filter>
    <Filter Include="Header Files\Camera">
      <UniqueIdentifier>{f688fdcb-dccc-4222-8c6c-1bb967d4f39f}</UniqueIdentifier>
    </Filter>
    <Filter Include="Header Files\Other">
      <UniqueIdentifier>{0ab131c3-9c2d-4aee-b110-ad85d29ba906}</UniqueIdentifier>
    </Filter>
    <Filter Include="Source Files\Application">
      <UniqueIdentifier>{81c510ef-9228-4217-a23e-9f14a24cb6f6}</UniqueIdentifier>
    </Filter>
    <Filter Include="Source Files\Camera">
      <UniqueIdentifier>{884973d6-3a32-46c9-9f0c-bebcc74a4f5e}</UniqueIdentifier>
    </Filter>
    <Filter Include="Source Files\Input">
      <UniqueIdentifier>{ae923b95-9cd8-4db0-aa13-0aa2bb766343}</UniqueIdentifier>
    </Filter>
    <Filter Include="Source Files\TestEnvironment">
      <UniqueIdentifier>{8bd0f876-2b20-4b3c-8f8e-e2650f02dc68}</UniqueIdentifier>
    </Filter>
    <Filter Include="Source Files\Renderer">
      <UniqueIdentifier>{0374fd06-7eee-4896-9a77-203d331d05cc}</UniqueIdentifier>
    </Filter>
    <Filter Include="Source Files\Other">
      <UniqueIdentifier>{003547f2-05fb-4377-bf25-6b28592f2c64}</UniqueIdentifier>
    </Filter>
    <Filter Include="Header Files\BehaviourTree\PrimitiveBehaviours">
      <UniqueIdentifier>{b7d4ac7e-caa2-448a-b2d4-7cc18a2bc9db}</UniqueIdentifier>
    </Filter>
    <Filter Include="Source Files\BehaviourTree\PrimitiveBehaviours">
      <UniqueIdentifier>{170f1d6a-16bd-43f0-87af-acec4277b931}</UniqueIdentifier>
    </Filter>
    <Filter Include="Header Files\BehaviourTree\PrimitiveBehaviours\Actions">
      <UniqueIdentifier>{c1a110d2-8cf7-4a01-b473-56874b3729cb}</UniqueIdentifier>
    </Filter>
    <Filter Include="Header Files\BehaviourTree\PrimitiveBehaviours\Conditions">
      <UniqueIdentifier>{b4dbc500-ff9e-4c4d-bf38-ebae69fd13ce}</UniqueIdentifier>
    </Filter>
    <Filter Include="Source Files\BehaviourTree\PrimitiveBehaviours\Conditions">
      <UniqueIdentifier>{b05ff540-b4a3-476c-8dd5-9387ddff4cce}</UniqueIdentifier>
    </Filter>
    <Filter Include="Source Files\BehaviourTree\PrimitiveBehaviours\Actions">
      <UniqueIdentifier>{91cc1760-4be1-47e1-ac85-02966fca51c5}</UniqueIdentifier>
    </Filter>
  </ItemGroup>
  <ItemGroup>
    <ClCompile Include="SimplePixelShader.cpp">
      <Filter>Source Files\ShaderFramework</Filter>
    </ClCompile>
    <ClCompile Include="SimpleVertexShader.cpp">
      <Filter>Source Files\ShaderFramework</Filter>
    </ClCompile>
    <ClCompile Include="Shader.cpp">
      <Filter>Source Files\ShaderFramework</Filter>
    </ClCompile>
    <ClCompile Include="PixelShader.cpp">
      <Filter>Source Files\ShaderFramework</Filter>
    </ClCompile>
    <ClCompile Include="VertexShader.cpp">
      <Filter>Source Files\ShaderFramework</Filter>
    </ClCompile>
    <ClCompile Include="ShaderFactory.cpp">
      <Filter>Source Files\ShaderFramework</Filter>
    </ClCompile>
    <ClCompile Include="ShaderGroup.cpp">
      <Filter>Source Files\ShaderFramework</Filter>
    </ClCompile>
    <ClCompile Include="CircleDrawable.cpp">
      <Filter>Source Files\Drawables</Filter>
    </ClCompile>
    <ClCompile Include="GridDrawable.cpp">
      <Filter>Source Files\Drawables</Filter>
    </ClCompile>
    <ClCompile Include="TriangleDrawable.cpp">
      <Filter>Source Files\Drawables</Filter>
    </ClCompile>
    <ClCompile Include="SquareDrawable.cpp">
      <Filter>Source Files\Drawables</Filter>
    </ClCompile>
    <ClCompile Include="Font.cpp">
      <Filter>Source Files\TextRendering</Filter>
    </ClCompile>
    <ClCompile Include="FontVertexShader.cpp">
      <Filter>Source Files\ShaderFramework</Filter>
    </ClCompile>
    <ClCompile Include="FontPixelShader.cpp">
      <Filter>Source Files\ShaderFramework</Filter>
    </ClCompile>
    <ClCompile Include="SentenceDrawable.cpp">
      <Filter>Source Files\TextRendering</Filter>
    </ClCompile>
    <ClCompile Include="Entity.cpp">
      <Filter>Source Files\Objects</Filter>
    </ClCompile>
    <ClCompile Include="Soldier.cpp">
      <Filter>Source Files\Objects</Filter>
    </ClCompile>
    <ClCompile Include="EntityMovementManager.cpp">
      <Filter>Source Files\EntityComponents</Filter>
    </ClCompile>
    <ClCompile Include="EntityCombatManager.cpp">
      <Filter>Source Files\EntityComponents</Filter>
    </ClCompile>
    <ClCompile Include="EntitySensors.cpp">
      <Filter>Source Files\EntityComponents</Filter>
    </ClCompile>
    <ClCompile Include="Projectile.cpp">
      <Filter>Source Files\Objects</Filter>
    </ClCompile>
    <ClCompile Include="CircleCollider.cpp">
      <Filter>Source Files\Colliders</Filter>
    </ClCompile>
    <ClCompile Include="Collider.cpp">
      <Filter>Source Files\Colliders</Filter>
    </ClCompile>
    <ClCompile Include="AxisAlignedRectangleCollider.cpp">
      <Filter>Source Files\Colliders</Filter>
    </ClCompile>
    <ClCompile Include="ColliderFactory.cpp">
      <Filter>Source Files\Colliders</Filter>
    </ClCompile>
    <ClCompile Include="Behaviour.cpp">
      <Filter>Source Files\BehaviourTree</Filter>
    </ClCompile>
    <ClCompile Include="Composite.cpp">
      <Filter>Source Files\BehaviourTree</Filter>
    </ClCompile>
    <ClCompile Include="Selector.cpp">
      <Filter>Source Files\BehaviourTree</Filter>
    </ClCompile>
    <ClCompile Include="Sequence.cpp">
      <Filter>Source Files\BehaviourTree</Filter>
    </ClCompile>
    <ClCompile Include="Decorator.cpp">
      <Filter>Source Files\BehaviourTree</Filter>
    </ClCompile>
    <ClCompile Include="Repeat.cpp">
      <Filter>Source Files\BehaviourTree</Filter>
    </ClCompile>
    <ClCompile Include="Parallel.cpp">
      <Filter>Source Files\BehaviourTree</Filter>
    </ClCompile>
    <ClCompile Include="ActiveSelector.cpp">
      <Filter>Source Files\BehaviourTree</Filter>
    </ClCompile>
    <ClCompile Include="Monitor.cpp">
      <Filter>Source Files\BehaviourTree</Filter>
    </ClCompile>
    <ClCompile Include="Application.cpp">
      <Filter>Source Files\Application</Filter>
    </ClCompile>
    <ClCompile Include="OrthographicCamera.cpp">
      <Filter>Source Files\Camera</Filter>
    </ClCompile>
    <ClCompile Include="CollidableObject.cpp">
      <Filter>Source Files\Objects</Filter>
    </ClCompile>
    <ClCompile Include="EditModeObject.cpp">
      <Filter>Source Files\Objects</Filter>
    </ClCompile>
    <ClCompile Include="Flag.cpp">
      <Filter>Source Files\Objects</Filter>
    </ClCompile>
    <ClCompile Include="Object.cpp">
      <Filter>Source Files\Objects</Filter>
    </ClCompile>
    <ClCompile Include="Obstacle.cpp">
      <Filter>Source Files\Objects</Filter>
    </ClCompile>
    <ClCompile Include="InputManager.cpp">
      <Filter>Source Files\Input</Filter>
    </ClCompile>
    <ClCompile Include="Input.cpp">
      <Filter>Source Files\Input</Filter>
    </ClCompile>
    <ClCompile Include="TestEnvironment.cpp">
      <Filter>Source Files\TestEnvironment</Filter>
    </ClCompile>
    <ClCompile Include="Node.cpp">
      <Filter>Source Files\TestEnvironment</Filter>
    </ClCompile>
    <ClCompile Include="Pathfinder.cpp">
      <Filter>Source Files\TestEnvironment</Filter>
    </ClCompile>
    <ClCompile Include="Renderer.cpp">
      <Filter>Source Files\Renderer</Filter>
    </ClCompile>
    <ClCompile Include="RenderContext.cpp">
      <Filter>Source Files\Renderer</Filter>
    </ClCompile>
    <ClCompile Include="Main.cpp">
      <Filter>Source Files\Other</Filter>
    </ClCompile>
    <ClCompile Include="PerformanceTimer.cpp">
      <Filter>Source Files\Other</Filter>
    </ClCompile>
    <ClCompile Include="BehaviourFactory.cpp">
      <Filter>Source Files\BehaviourTree</Filter>
    </ClCompile>
    <ClCompile Include="DeterminePatrolTarget.cpp">
      <Filter>Source Files\BehaviourTree\PrimitiveBehaviours\Actions</Filter>
    </ClCompile>
    <ClCompile Include="Idle.cpp">
      <Filter>Source Files\BehaviourTree\PrimitiveBehaviours\Actions</Filter>
    </ClCompile>
    <ClCompile Include="MoveToTarget.cpp">
      <Filter>Source Files\BehaviourTree\PrimitiveBehaviours\Actions</Filter>
    </ClCompile>
    <ClCompile Include="MovementTargetSet.cpp">
      <Filter>Source Files\BehaviourTree\PrimitiveBehaviours\Conditions</Filter>
    </ClCompile>
    <ClCompile Include="ReadyToAttack.cpp">
      <Filter>Source Files\BehaviourTree\PrimitiveBehaviours\Conditions</Filter>
    </ClCompile>
    <ClCompile Include="AttackTargetSet.cpp">
      <Filter>Source Files\BehaviourTree\PrimitiveBehaviours\Conditions</Filter>
    </ClCompile>
    <ClCompile Include="GreatestSuspectedThreatSet.cpp">
      <Filter>Source Files\BehaviourTree\PrimitiveBehaviours\Conditions</Filter>
    </ClCompile>
    <ClCompile Include="GreatestKnownThreatSet.cpp">
      <Filter>Source Files\BehaviourTree\PrimitiveBehaviours\Conditions</Filter>
    </ClCompile>
    <ClCompile Include="AimAtTarget.cpp">
      <Filter>Source Files\BehaviourTree\PrimitiveBehaviours\Actions</Filter>
    </ClCompile>
    <ClCompile Include="AttackTarget.cpp">
      <Filter>Source Files\BehaviourTree\PrimitiveBehaviours\Actions</Filter>
    </ClCompile>
    <ClCompile Include="DetermineAttackTarget.cpp">
      <Filter>Source Files\BehaviourTree\PrimitiveBehaviours\Actions</Filter>
    </ClCompile>
    <ClCompile Include="UpdateThreats.cpp">
      <Filter>Source Files\BehaviourTree\PrimitiveBehaviours\Actions</Filter>
    </ClCompile>
    <ClCompile Include="UpdateAttackReadiness.cpp">
      <Filter>Source Files\BehaviourTree\PrimitiveBehaviours\Actions</Filter>
    </ClCompile>
    <ClCompile Include="DetermineApproachThreatPosition.cpp">
      <Filter>Source Files\BehaviourTree\PrimitiveBehaviours\Actions</Filter>
    </ClCompile>
    <ClCompile Include="ReturnSpecificStatus.cpp">
      <Filter>Source Files\BehaviourTree</Filter>
    </ClCompile>
    <ClCompile Include="EntityAlive.cpp">
      <Filter>Source Files\BehaviourTree\PrimitiveBehaviours\Conditions</Filter>
    </ClCompile>
    <ClCompile Include="DetermineGreatestKnownThreat.cpp">
      <Filter>Source Files\BehaviourTree\PrimitiveBehaviours\Actions</Filter>
    </ClCompile>
    <ClCompile Include="DetermineGreatestSuspectedThreat.cpp">
      <Filter>Source Files\BehaviourTree\PrimitiveBehaviours\Actions</Filter>
    </ClCompile>
    <ClCompile Include="ResolveSuspectedThreat.cpp">
      <Filter>Source Files\BehaviourTree\PrimitiveBehaviours\Actions</Filter>
    </ClCompile>
    <ClCompile Include="Logger.cpp">
      <Filter>Source Files\Other</Filter>
    </ClCompile>
    <ClCompile Include="InvestigatingGreatestSuspectedThreat.cpp">
      <Filter>Source Files\BehaviourTree\PrimitiveBehaviours\Conditions</Filter>
    </ClCompile>
  </ItemGroup>
  <ItemGroup>
    <ClInclude Include="PixelShader.h">
      <Filter>Header Files\ShaderFramework</Filter>
    </ClInclude>
    <ClInclude Include="SimplePixelShader.h">
      <Filter>Header Files\ShaderFramework</Filter>
    </ClInclude>
    <ClInclude Include="SimpleVertexShader.h">
      <Filter>Header Files\ShaderFramework</Filter>
    </ClInclude>
    <ClInclude Include="VertexShader.h">
      <Filter>Header Files\ShaderFramework</Filter>
    </ClInclude>
    <ClInclude Include="VS_SimpleCompiled.h">
      <Filter>Header Files\ShaderFramework\Compiled Shaders</Filter>
    </ClInclude>
    <ClInclude Include="PS_SimpleCompiled.h">
      <Filter>Header Files\ShaderFramework\Compiled Shaders</Filter>
    </ClInclude>
    <ClInclude Include="Shader.h">
      <Filter>Header Files\ShaderFramework</Filter>
    </ClInclude>
    <ClInclude Include="ShaderParameters.h">
      <Filter>Header Files\ShaderFramework</Filter>
    </ClInclude>
    <ClInclude Include="ShaderFactory.h">
      <Filter>Header Files\ShaderFramework</Filter>
    </ClInclude>
    <ClInclude Include="ShaderGroup.h">
      <Filter>Header Files\ShaderFramework</Filter>
    </ClInclude>
    <ClInclude Include="CircleDrawable.h">
      <Filter>Header Files\Drawables</Filter>
    </ClInclude>
    <ClInclude Include="Drawable.h">
      <Filter>Header Files\Drawables</Filter>
    </ClInclude>
    <ClInclude Include="TriangleDrawable.h">
      <Filter>Header Files\Drawables</Filter>
    </ClInclude>
    <ClInclude Include="SquareDrawable.h">
      <Filter>Header Files\Drawables</Filter>
    </ClInclude>
    <ClInclude Include="GridDrawable.h">
      <Filter>Header Files\Drawables</Filter>
    </ClInclude>
    <ClInclude Include="Font.h">
      <Filter>Header Files\TextRendering</Filter>
    </ClInclude>
    <ClInclude Include="TextDataStructures.h">
      <Filter>Header Files\TextRendering</Filter>
    </ClInclude>
    <ClInclude Include="FontPixelShader.h">
      <Filter>Header Files\ShaderFramework</Filter>
    </ClInclude>
    <ClInclude Include="FontVertexShader.h">
      <Filter>Header Files\ShaderFramework</Filter>
    </ClInclude>
    <ClInclude Include="VS_FontCompiled.h">
      <Filter>Header Files\ShaderFramework\Compiled Shaders</Filter>
    </ClInclude>
    <ClInclude Include="PS_FontCompiled.h">
      <Filter>Header Files\ShaderFramework\Compiled Shaders</Filter>
    </ClInclude>
    <ClInclude Include="SentenceDrawable.h">
      <Filter>Header Files\TextRendering</Filter>
    </ClInclude>
    <ClInclude Include="Entity.h">
      <Filter>Header Files\Objects</Filter>
    </ClInclude>
    <ClInclude Include="Soldier.h">
      <Filter>Header Files\Objects</Filter>
    </ClInclude>
    <ClInclude Include="EntityCombatManager.h">
      <Filter>Header Files\EntityComponents</Filter>
    </ClInclude>
    <ClInclude Include="EntityMovementManager.h">
      <Filter>Header Files\EntityComponents</Filter>
    </ClInclude>
    <ClInclude Include="EntitySensors.h">
      <Filter>Header Files\EntityComponents</Filter>
    </ClInclude>
    <ClInclude Include="SoldierProperties.h">
      <Filter>Header Files\Objects</Filter>
    </ClInclude>
    <ClInclude Include="Projectile.h">
      <Filter>Header Files\Objects</Filter>
    </ClInclude>
    <ClInclude Include="Collider.h">
      <Filter>Header Files\Colliders</Filter>
    </ClInclude>
    <ClInclude Include="CircleCollider.h">
      <Filter>Header Files\Colliders</Filter>
    </ClInclude>
    <ClInclude Include="AxisAlignedRectangleCollider.h">
      <Filter>Header Files\Colliders</Filter>
    </ClInclude>
    <ClInclude Include="ColliderFactory.h">
      <Filter>Header Files\Colliders</Filter>
    </ClInclude>
    <ClInclude Include="Behaviour.h">
      <Filter>Header Files\BehaviourTree</Filter>
    </ClInclude>
    <ClInclude Include="Composite.h">
      <Filter>Header Files\BehaviourTree</Filter>
    </ClInclude>
    <ClInclude Include="Sequence.h">
      <Filter>Header Files\BehaviourTree</Filter>
    </ClInclude>
    <ClInclude Include="Selector.h">
      <Filter>Header Files\BehaviourTree</Filter>
    </ClInclude>
    <ClInclude Include="Decorator.h">
      <Filter>Header Files\BehaviourTree</Filter>
    </ClInclude>
    <ClInclude Include="Repeat.h">
      <Filter>Header Files\BehaviourTree</Filter>
    </ClInclude>
    <ClInclude Include="Parallel.h">
      <Filter>Header Files\BehaviourTree</Filter>
    </ClInclude>
    <ClInclude Include="Monitor.h">
      <Filter>Header Files\BehaviourTree</Filter>
    </ClInclude>
    <ClInclude Include="ActiveSelector.h">
      <Filter>Header Files\BehaviourTree</Filter>
    </ClInclude>
    <ClInclude Include="CollidableObject.h">
      <Filter>Header Files\Objects</Filter>
    </ClInclude>
    <ClInclude Include="EditModeObject.h">
      <Filter>Header Files\Objects</Filter>
    </ClInclude>
    <ClInclude Include="Flag.h">
      <Filter>Header Files\Objects</Filter>
    </ClInclude>
    <ClInclude Include="Object.h">
      <Filter>Header Files\Objects</Filter>
    </ClInclude>
    <ClInclude Include="Obstacle.h">
      <Filter>Header Files\Objects</Filter>
    </ClInclude>
    <ClInclude Include="ObjectTypes.h">
      <Filter>Header Files\Objects</Filter>
    </ClInclude>
    <ClInclude Include="Node.h">
      <Filter>Header Files\TestEnvironment</Filter>
    </ClInclude>
    <ClInclude Include="Pathfinder.h">
      <Filter>Header Files\TestEnvironment</Filter>
    </ClInclude>
    <ClInclude Include="TestEnvironmentData.h">
      <Filter>Header Files\TestEnvironment</Filter>
    </ClInclude>
    <ClInclude Include="TestEnvironment.h">
      <Filter>Header Files\TestEnvironment</Filter>
    </ClInclude>
    <ClInclude Include="VertexData.h">
      <Filter>Header Files\Drawables</Filter>
    </ClInclude>
    <ClInclude Include="RendererData.h">
      <Filter>Header Files\Rendering</Filter>
    </ClInclude>
    <ClInclude Include="RenderContext.h">
      <Filter>Header Files\Rendering</Filter>
    </ClInclude>
    <ClInclude Include="Renderer.h">
      <Filter>Header Files\Rendering</Filter>
    </ClInclude>
    <ClInclude Include="AppData.h">
      <Filter>Header Files\Application</Filter>
    </ClInclude>
    <ClInclude Include="Application.h">
      <Filter>Header Files\Application</Filter>
    </ClInclude>
    <ClInclude Include="ApplicationSettings.h">
      <Filter>Header Files\Application</Filter>
    </ClInclude>
    <ClInclude Include="Input.h">
      <Filter>Header Files\Input</Filter>
    </ClInclude>
    <ClInclude Include="InputManager.h">
      <Filter>Header Files\Input</Filter>
    </ClInclude>
    <ClInclude Include="OrthographicCamera.h">
      <Filter>Header Files\Camera</Filter>
    </ClInclude>
    <ClInclude Include="Buffer.h">
      <Filter>Header Files\Other</Filter>
    </ClInclude>
    <ClInclude Include="PerformanceTimer.h">
      <Filter>Header Files\Other</Filter>
    </ClInclude>
    <ClInclude Include="BehaviourFactory.h">
      <Filter>Header Files\BehaviourTree</Filter>
    </ClInclude>
    <ClInclude Include="MovementTargetSet.h">
      <Filter>Header Files\BehaviourTree\PrimitiveBehaviours\Conditions</Filter>
    </ClInclude>
    <ClInclude Include="DeterminePatrolTarget.h">
      <Filter>Header Files\BehaviourTree\PrimitiveBehaviours\Actions</Filter>
    </ClInclude>
    <ClInclude Include="Idle.h">
      <Filter>Header Files\BehaviourTree\PrimitiveBehaviours\Actions</Filter>
    </ClInclude>
    <ClInclude Include="MoveToTarget.h">
      <Filter>Header Files\BehaviourTree\PrimitiveBehaviours\Actions</Filter>
    </ClInclude>
    <ClInclude Include="ReadyToAttack.h">
      <Filter>Header Files\BehaviourTree\PrimitiveBehaviours\Conditions</Filter>
    </ClInclude>
    <ClInclude Include="AttackTargetSet.h">
      <Filter>Header Files\BehaviourTree\PrimitiveBehaviours\Conditions</Filter>
    </ClInclude>
    <ClInclude Include="GreatestKnownThreatSet.h">
      <Filter>Header Files\BehaviourTree\PrimitiveBehaviours\Conditions</Filter>
    </ClInclude>
    <ClInclude Include="GreatestSuspectedThreatSet.h">
      <Filter>Header Files\BehaviourTree\PrimitiveBehaviours\Conditions</Filter>
    </ClInclude>
    <ClInclude Include="AttackTarget.h">
      <Filter>Header Files\BehaviourTree\PrimitiveBehaviours\Actions</Filter>
    </ClInclude>
    <ClInclude Include="AimAtTarget.h">
      <Filter>Header Files\BehaviourTree\PrimitiveBehaviours\Actions</Filter>
    </ClInclude>
    <ClInclude Include="UpdateThreats.h">
      <Filter>Header Files\BehaviourTree\PrimitiveBehaviours\Actions</Filter>
    </ClInclude>
    <ClInclude Include="UpdateAttackReadiness.h">
      <Filter>Header Files\BehaviourTree\PrimitiveBehaviours\Actions</Filter>
    </ClInclude>
    <ClInclude Include="DetermineAttackTarget.h">
      <Filter>Header Files\BehaviourTree\PrimitiveBehaviours\Actions</Filter>
    </ClInclude>
    <ClInclude Include="DetermineApproachThreatPosition.h">
      <Filter>Header Files\BehaviourTree\PrimitiveBehaviours\Actions</Filter>
    </ClInclude>
    <ClInclude Include="ReturnSpecificStatus.h">
      <Filter>Header Files\BehaviourTree</Filter>
    </ClInclude>
    <ClInclude Include="MessageDataStructures.h">
      <Filter>Header Files\TestEnvironment</Filter>
    </ClInclude>
    <ClInclude Include="EntityAlive.h">
      <Filter>Header Files\BehaviourTree\PrimitiveBehaviours\Conditions</Filter>
    </ClInclude>
    <ClInclude Include="DetermineGreatestKnownThreat.h">
      <Filter>Header Files\BehaviourTree\PrimitiveBehaviours\Actions</Filter>
    </ClInclude>
    <ClInclude Include="DetermineGreatestSuspectedThreat.h">
      <Filter>Header Files\BehaviourTree\PrimitiveBehaviours\Actions</Filter>
    </ClInclude>
    <ClInclude Include="ResolveSuspectedThreat.h">
      <Filter>Header Files\BehaviourTree\PrimitiveBehaviours\Actions</Filter>
    </ClInclude>
    <ClInclude Include="Logger.h">
      <Filter>Header Files\Other</Filter>
    </ClInclude>
    <ClInclude Include="InvestigatingGreatestSuspectedThreat.h">
      <Filter>Header Files\BehaviourTree\PrimitiveBehaviours\Conditions</Filter>
    </ClInclude>
  </ItemGroup>
  <ItemGroup>
    <FxCompile Include="Shaders\PS_Simple.FX">
      <Filter>Header Files\ShaderFramework\HLSL Shaders</Filter>
    </FxCompile>
    <FxCompile Include="Shaders\VS_Simple.FX">
      <Filter>Header Files\ShaderFramework\HLSL Shaders</Filter>
    </FxCompile>
    <FxCompile Include="Shaders\PS_Font.FX">
      <Filter>Header Files\ShaderFramework\HLSL Shaders</Filter>
    </FxCompile>
    <FxCompile Include="Shaders\VS_Font.FX">
      <Filter>Header Files\ShaderFramework\HLSL Shaders</Filter>
    </FxCompile>
  </ItemGroup>
</Project>