<?xml version="1.0" encoding="utf-8"?>
<Project ToolsVersion="4.0" xmlns="http://schemas.microsoft.com/developer/msbuild/2003">
  <ItemGroup>
    <Filter Include="Source Files">
      <UniqueIdentifier>{4FC737F1-C7A5-4376-A066-2A32D752A2FF}</UniqueIdentifier>
      <Extensions>cpp;c;cc;cxx;def;odl;idl;hpj;bat;asm;asmx</Extensions>
    </Filter>
    <Filter Include="Header Files">
      <UniqueIdentifier>{93995380-89BD-4b04-88EB-625FBE52EBFB}</UniqueIdentifier>
      <Extensions>h;hpp;hxx;hm;inl;inc;xsd</Extensions>
    </Filter>
    <Filter Include="Resource Files">
      <UniqueIdentifier>{67DA6AB6-F800-4c08-8B7A-83BB121AAD01}</UniqueIdentifier>
      <Extensions>rc;ico;cur;bmp;dlg;rc2;rct;bin;rgs;gif;jpg;jpeg;jpe;resx;tiff;tif;png;wav;mfcribbon-ms</Extensions>
    </Filter>
    <Filter Include="Source Files\ShaderFramework">
      <UniqueIdentifier>{a61a67f7-bf36-4d9f-af4e-b9981c9ee27d}</UniqueIdentifier>
    </Filter>
    <Filter Include="Header Files\ShaderFramework">
      <UniqueIdentifier>{be253c10-8829-4c3d-bad2-f0bd4a215708}</UniqueIdentifier>
    </Filter>
    <Filter Include="Header Files\ShaderFramework\HLSL Shaders">
      <UniqueIdentifier>{11e55d40-c0a6-4513-97df-e16660035b15}</UniqueIdentifier>
    </Filter>
    <Filter Include="Header Files\ShaderFramework\Compiled Shaders">
      <UniqueIdentifier>{690cacdf-4fb7-4805-81f7-7724fc83747d}</UniqueIdentifier>
    </Filter>
    <Filter Include="Source Files\Drawables">
      <UniqueIdentifier>{5a6c4ef4-a026-4d9c-af49-6cf611ca4d60}</UniqueIdentifier>
    </Filter>
    <Filter Include="Header Files\TextRendering">
      <UniqueIdentifier>{1f03e692-f3f1-433f-acbf-7873465faac3}</UniqueIdentifier>
    </Filter>
    <Filter Include="Source Files\TextRendering">
      <UniqueIdentifier>{ec78f1eb-bdcb-47d4-8733-61b6b6304d97}</UniqueIdentifier>
    </Filter>
    <Filter Include="Header Files\Drawables">
      <UniqueIdentifier>{39e769f3-6cdc-4f56-9ca3-47438a1d08e2}</UniqueIdentifier>
    </Filter>
    <Filter Include="Header Files\Entities">
      <UniqueIdentifier>{dd322255-946a-4e86-bf35-7008c9798ab2}</UniqueIdentifier>
    </Filter>
    <Filter Include="Source Files\Entities">
      <UniqueIdentifier>{6733c01d-50f4-456b-8b9d-17768f002eab}</UniqueIdentifier>
    </Filter>
  </ItemGroup>
  <ItemGroup>
    <ClCompile Include="Main.cpp">
      <Filter>Source Files</Filter>
    </ClCompile>
    <ClCompile Include="Application.cpp">
      <Filter>Source Files</Filter>
    </ClCompile>
    <ClCompile Include="Renderer.cpp">
      <Filter>Source Files</Filter>
    </ClCompile>
    <ClCompile Include="Input.cpp">
      <Filter>Source Files</Filter>
    </ClCompile>
    <ClCompile Include="SimplePixelShader.cpp">
      <Filter>Source Files\ShaderFramework</Filter>
    </ClCompile>
    <ClCompile Include="SimpleVertexShader.cpp">
      <Filter>Source Files\ShaderFramework</Filter>
    </ClCompile>
    <ClCompile Include="Shader.cpp">
      <Filter>Source Files\ShaderFramework</Filter>
    </ClCompile>
    <ClCompile Include="PixelShader.cpp">
      <Filter>Source Files\ShaderFramework</Filter>
    </ClCompile>
    <ClCompile Include="VertexShader.cpp">
      <Filter>Source Files\ShaderFramework</Filter>
    </ClCompile>
    <ClCompile Include="TestEnvironment.cpp">
      <Filter>Source Files</Filter>
    </ClCompile>
    <ClCompile Include="ShaderFactory.cpp">
      <Filter>Source Files\ShaderFramework</Filter>
    </ClCompile>
    <ClCompile Include="ShaderGroup.cpp">
      <Filter>Source Files\ShaderFramework</Filter>
    </ClCompile>
    <ClCompile Include="InputManager.cpp">
      <Filter>Source Files</Filter>
    </ClCompile>
    <ClCompile Include="RenderContext.cpp">
      <Filter>Source Files</Filter>
    </ClCompile>
    <ClCompile Include="CircleDrawable.cpp">
      <Filter>Source Files\Drawables</Filter>
    </ClCompile>
    <ClCompile Include="GridDrawable.cpp">
      <Filter>Source Files\Drawables</Filter>
    </ClCompile>
    <ClCompile Include="TriangleDrawable.cpp">
      <Filter>Source Files\Drawables</Filter>
    </ClCompile>
    <ClCompile Include="SquareDrawable.cpp">
      <Filter>Source Files\Drawables</Filter>
    </ClCompile>
    <ClCompile Include="Font.cpp">
      <Filter>Source Files\TextRendering</Filter>
    </ClCompile>
    <ClCompile Include="OrthographicCamera.cpp">
      <Filter>Source Files</Filter>
    </ClCompile>
    <ClCompile Include="FontVertexShader.cpp">
      <Filter>Source Files\ShaderFramework</Filter>
    </ClCompile>
    <ClCompile Include="FontPixelShader.cpp">
      <Filter>Source Files\ShaderFramework</Filter>
    </ClCompile>
    <ClCompile Include="SentenceDrawable.cpp">
      <Filter>Source Files\TextRendering</Filter>
    </ClCompile>
    <ClCompile Include="Entity.cpp">
      <Filter>Source Files\Entities</Filter>
    </ClCompile>
    <ClCompile Include="Soldier.cpp">
      <Filter>Source Files\Entities</Filter>
    </ClCompile>
    <ClCompile Include="CoverPosition.cpp">
      <Filter>Source Files\Entities</Filter>
    </ClCompile>
    <ClCompile Include="MovingEntity.cpp">
      <Filter>Source Files\Entities</Filter>
    </ClCompile>
  </ItemGroup>
  <ItemGroup>
    <ClInclude Include="Application.h">
      <Filter>Header Files</Filter>
    </ClInclude>
    <ClInclude Include="Renderer.h">
      <Filter>Header Files</Filter>
    </ClInclude>
    <ClInclude Include="Input.h">
      <Filter>Header Files</Filter>
    </ClInclude>
    <ClInclude Include="VertexData.h">
      <Filter>Header Files</Filter>
    </ClInclude>
    <ClInclude Include="Buffer.h">
      <Filter>Header Files</Filter>
    </ClInclude>
    <ClInclude Include="PixelShader.h">
      <Filter>Header Files\ShaderFramework</Filter>
    </ClInclude>
    <ClInclude Include="SimplePixelShader.h">
      <Filter>Header Files\ShaderFramework</Filter>
    </ClInclude>
    <ClInclude Include="SimpleVertexShader.h">
      <Filter>Header Files\ShaderFramework</Filter>
    </ClInclude>
    <ClInclude Include="VertexShader.h">
      <Filter>Header Files\ShaderFramework</Filter>
    </ClInclude>
    <ClInclude Include="VS_SimpleCompiled.h">
      <Filter>Header Files\ShaderFramework\Compiled Shaders</Filter>
    </ClInclude>
    <ClInclude Include="PS_SimpleCompiled.h">
      <Filter>Header Files\ShaderFramework\Compiled Shaders</Filter>
    </ClInclude>
    <ClInclude Include="Shader.h">
      <Filter>Header Files\ShaderFramework</Filter>
    </ClInclude>
    <ClInclude Include="ShaderParameters.h">
      <Filter>Header Files\ShaderFramework</Filter>
    </ClInclude>
    <ClInclude Include="TestEnvironment.h">
      <Filter>Header Files</Filter>
    </ClInclude>
    <ClInclude Include="ShaderFactory.h">
      <Filter>Header Files\ShaderFramework</Filter>
    </ClInclude>
    <ClInclude Include="ShaderGroup.h">
      <Filter>Header Files\ShaderFramework</Filter>
    </ClInclude>
    <ClInclude Include="InputManager.h">
      <Filter>Header Files</Filter>
    </ClInclude>
    <ClInclude Include="ApplicationSettings.h">
      <Filter>Header Files</Filter>
    </ClInclude>
    <ClInclude Include="RendererData.h">
      <Filter>Header Files</Filter>
    </ClInclude>
    <ClInclude Include="RenderContext.h">
      <Filter>Header Files</Filter>
    </ClInclude>
    <ClInclude Include="RendererSettings.h">
      <Filter>Header Files</Filter>
    </ClInclude>
    <ClInclude Include="CameraSettings.h">
      <Filter>Header Files</Filter>
    </ClInclude>
    <ClInclude Include="CircleDrawable.h">
      <Filter>Header Files\Drawables</Filter>
    </ClInclude>
    <ClInclude Include="Drawable.h">
      <Filter>Header Files\Drawables</Filter>
    </ClInclude>
    <ClInclude Include="TriangleDrawable.h">
      <Filter>Header Files\Drawables</Filter>
    </ClInclude>
    <ClInclude Include="SquareDrawable.h">
      <Filter>Header Files\Drawables</Filter>
    </ClInclude>
    <ClInclude Include="GridDrawable.h">
      <Filter>Header Files\Drawables</Filter>
    </ClInclude>
    <ClInclude Include="Font.h">
      <Filter>Header Files\TextRendering</Filter>
    </ClInclude>
    <ClInclude Include="TextDataStructures.h">
      <Filter>Header Files\TextRendering</Filter>
    </ClInclude>
    <ClInclude Include="OrthographicCamera.h">
      <Filter>Header Files</Filter>
    </ClInclude>
    <ClInclude Include="FontPixelShader.h">
      <Filter>Header Files\ShaderFramework</Filter>
    </ClInclude>
    <ClInclude Include="FontVertexShader.h">
      <Filter>Header Files\ShaderFramework</Filter>
    </ClInclude>
    <ClInclude Include="VS_FontCompiled.h">
      <Filter>Header Files\ShaderFramework\Compiled Shaders</Filter>
    </ClInclude>
    <ClInclude Include="PS_FontCompiled.h">
      <Filter>Header Files\ShaderFramework\Compiled Shaders</Filter>
    </ClInclude>
    <ClInclude Include="SentenceDrawable.h">
      <Filter>Header Files\TextRendering</Filter>
    </ClInclude>
    <ClInclude Include="TestEnvironmentData.h">
      <Filter>Header Files</Filter>
    </ClInclude>
    <ClInclude Include="AppData.h">
      <Filter>Header Files</Filter>
    </ClInclude>
    <ClInclude Include="Entity.h">
      <Filter>Header Files\Entities</Filter>
    </ClInclude>
    <ClInclude Include="EntityData.h">
      <Filter>Header Files\Entities</Filter>
    </ClInclude>
    <ClInclude Include="Soldier.h">
      <Filter>Header Files\Entities</Filter>
    </ClInclude>
    <ClInclude Include="CoverPosition.h">
      <Filter>Header Files\Entities</Filter>
    </ClInclude>
    <ClInclude Include="MovingEntity.h">
      <Filter>Header Files\Entities</Filter>
    </ClInclude>
  </ItemGroup>
  <ItemGroup>
    <FxCompile Include="Shaders\PS_Simple.FX">
      <Filter>Header Files\ShaderFramework\HLSL Shaders</Filter>
    </FxCompile>
    <FxCompile Include="Shaders\VS_Simple.FX">
      <Filter>Header Files\ShaderFramework\HLSL Shaders</Filter>
    </FxCompile>
    <FxCompile Include="Shaders\PS_Font.FX">
      <Filter>Header Files\ShaderFramework\HLSL Shaders</Filter>
    </FxCompile>
    <FxCompile Include="Shaders\VS_Font.FX">
      <Filter>Header Files\ShaderFramework\HLSL Shaders</Filter>
    </FxCompile>
  </ItemGroup>
</Project>