<?xml version="1.0" encoding="utf-8"?>
<Project ToolsVersion="4.0" xmlns="http://schemas.microsoft.com/developer/msbuild/2003">
  <ItemGroup>
    <Filter Include="Source Files">
      <UniqueIdentifier>{4FC737F1-C7A5-4376-A066-2A32D752A2FF}</UniqueIdentifier>
      <Extensions>cpp;c;cc;cxx;def;odl;idl;hpj;bat;asm;asmx</Extensions>
    </Filter>
    <Filter Include="Header Files">
      <UniqueIdentifier>{93995380-89BD-4b04-88EB-625FBE52EBFB}</UniqueIdentifier>
      <Extensions>h;hpp;hxx;hm;inl;inc;xsd</Extensions>
    </Filter>
    <Filter Include="Resource Files">
      <UniqueIdentifier>{67DA6AB6-F800-4c08-8B7A-83BB121AAD01}</UniqueIdentifier>
      <Extensions>rc;ico;cur;bmp;dlg;rc2;rct;bin;rgs;gif;jpg;jpeg;jpe;resx;tiff;tif;png;wav;mfcribbon-ms</Extensions>
    </Filter>
    <Filter Include="Source Files\ShaderFramework">
      <UniqueIdentifier>{a61a67f7-bf36-4d9f-af4e-b9981c9ee27d}</UniqueIdentifier>
    </Filter>
    <Filter Include="Header Files\ShaderFramework">
      <UniqueIdentifier>{be253c10-8829-4c3d-bad2-f0bd4a215708}</UniqueIdentifier>
    </Filter>
    <Filter Include="Header Files\ShaderFramework\HLSL Shaders">
      <UniqueIdentifier>{11e55d40-c0a6-4513-97df-e16660035b15}</UniqueIdentifier>
    </Filter>
    <Filter Include="Header Files\ShaderFramework\Compiled Shaders">
      <UniqueIdentifier>{690cacdf-4fb7-4805-81f7-7724fc83747d}</UniqueIdentifier>
    </Filter>
  </ItemGroup>
  <ItemGroup>
    <ClCompile Include="Main.cpp">
      <Filter>Source Files</Filter>
    </ClCompile>
    <ClCompile Include="Application.cpp">
      <Filter>Source Files</Filter>
    </ClCompile>
    <ClCompile Include="Renderer.cpp">
      <Filter>Source Files</Filter>
    </ClCompile>
    <ClCompile Include="Camera.cpp">
      <Filter>Source Files</Filter>
    </ClCompile>
    <ClCompile Include="Input.cpp">
      <Filter>Source Files</Filter>
    </ClCompile>
    <ClCompile Include="TextRenderer.cpp">
      <Filter>Source Files</Filter>
    </ClCompile>
    <ClCompile Include="Drawable.cpp">
      <Filter>Source Files</Filter>
    </ClCompile>
    <ClCompile Include="SimpleInstancedVertexShader.cpp">
      <Filter>Source Files\ShaderFramework</Filter>
    </ClCompile>
    <ClCompile Include="SimplePixelShader.cpp">
      <Filter>Source Files\ShaderFramework</Filter>
    </ClCompile>
    <ClCompile Include="SimpleVertexShader.cpp">
      <Filter>Source Files\ShaderFramework</Filter>
    </ClCompile>
    <ClCompile Include="Shader.cpp">
      <Filter>Source Files\ShaderFramework</Filter>
    </ClCompile>
    <ClCompile Include="PixelShader.cpp">
      <Filter>Source Files\ShaderFramework</Filter>
    </ClCompile>
    <ClCompile Include="VertexShader.cpp">
      <Filter>Source Files\ShaderFramework</Filter>
    </ClCompile>
    <ClCompile Include="TestEnvironment.cpp">
      <Filter>Source Files</Filter>
    </ClCompile>
    <ClCompile Include="DrawableFactory.cpp">
      <Filter>Source Files</Filter>
    </ClCompile>
    <ClCompile Include="ShaderFactory.cpp">
      <Filter>Source Files\ShaderFramework</Filter>
    </ClCompile>
    <ClCompile Include="ShaderGroup.cpp">
      <Filter>Source Files\ShaderFramework</Filter>
    </ClCompile>
    <ClCompile Include="CircleDrawable.cpp">
      <Filter>Source Files</Filter>
    </ClCompile>
    <ClCompile Include="TriangleDrawable.cpp">
      <Filter>Source Files</Filter>
    </ClCompile>
    <ClCompile Include="SquareDrawable.cpp">
      <Filter>Source Files</Filter>
    </ClCompile>
    <ClCompile Include="GridDrawable.cpp">
      <Filter>Source Files</Filter>
    </ClCompile>
    <ClCompile Include="InputManager.cpp">
      <Filter>Source Files</Filter>
    </ClCompile>
    <ClCompile Include="RenderContext.cpp">
      <Filter>Source Files</Filter>
    </ClCompile>
  </ItemGroup>
  <ItemGroup>
    <ClInclude Include="Application.h">
      <Filter>Header Files</Filter>
    </ClInclude>
    <ClInclude Include="Renderer.h">
      <Filter>Header Files</Filter>
    </ClInclude>
    <ClInclude Include="Camera.h">
      <Filter>Header Files</Filter>
    </ClInclude>
    <ClInclude Include="Input.h">
      <Filter>Header Files</Filter>
    </ClInclude>
    <ClInclude Include="TextRenderer.h">
      <Filter>Header Files</Filter>
    </ClInclude>
    <ClInclude Include="VertexData.h">
      <Filter>Header Files</Filter>
    </ClInclude>
    <ClInclude Include="Buffer.h">
      <Filter>Header Files</Filter>
    </ClInclude>
    <ClInclude Include="Drawable.h">
      <Filter>Header Files</Filter>
    </ClInclude>
    <ClInclude Include="PixelShader.h">
      <Filter>Header Files\ShaderFramework</Filter>
    </ClInclude>
    <ClInclude Include="SimpleInstancedVertexShader.h">
      <Filter>Header Files\ShaderFramework</Filter>
    </ClInclude>
    <ClInclude Include="SimplePixelShader.h">
      <Filter>Header Files\ShaderFramework</Filter>
    </ClInclude>
    <ClInclude Include="SimpleVertexShader.h">
      <Filter>Header Files\ShaderFramework</Filter>
    </ClInclude>
    <ClInclude Include="VertexShader.h">
      <Filter>Header Files\ShaderFramework</Filter>
    </ClInclude>
    <ClInclude Include="VS_SimpleCompiled.h">
      <Filter>Header Files\ShaderFramework\Compiled Shaders</Filter>
    </ClInclude>
    <ClInclude Include="VS_SimpleInstancedCompiled.h">
      <Filter>Header Files\ShaderFramework\Compiled Shaders</Filter>
    </ClInclude>
    <ClInclude Include="PS_SimpleCompiled.h">
      <Filter>Header Files\ShaderFramework\Compiled Shaders</Filter>
    </ClInclude>
    <ClInclude Include="Shader.h">
      <Filter>Header Files\ShaderFramework</Filter>
    </ClInclude>
    <ClInclude Include="ShaderParameters.h">
      <Filter>Header Files\ShaderFramework</Filter>
    </ClInclude>
    <ClInclude Include="TestEnvironment.h">
      <Filter>Header Files</Filter>
    </ClInclude>
    <ClInclude Include="DrawableFactory.h">
      <Filter>Header Files</Filter>
    </ClInclude>
    <ClInclude Include="ShaderFactory.h">
      <Filter>Header Files\ShaderFramework</Filter>
    </ClInclude>
    <ClInclude Include="ShaderGroup.h">
      <Filter>Header Files\ShaderFramework</Filter>
    </ClInclude>
    <ClInclude Include="CircleDrawable.h">
      <Filter>Header Files</Filter>
    </ClInclude>
    <ClInclude Include="SquareDrawable.h">
      <Filter>Header Files</Filter>
    </ClInclude>
    <ClInclude Include="TriangleDrawable.h">
      <Filter>Header Files</Filter>
    </ClInclude>
    <ClInclude Include="GridDrawable.h">
      <Filter>Header Files</Filter>
    </ClInclude>
    <ClInclude Include="GridSettings.h">
      <Filter>Header Files</Filter>
    </ClInclude>
    <ClInclude Include="InputManager.h">
      <Filter>Header Files</Filter>
    </ClInclude>
    <ClInclude Include="ApplicationSettings.h">
      <Filter>Header Files</Filter>
    </ClInclude>
    <ClInclude Include="EntityData.h">
      <Filter>Header Files</Filter>
    </ClInclude>
    <ClInclude Include="RendererData.h">
      <Filter>Header Files</Filter>
    </ClInclude>
    <ClInclude Include="RenderContext.h">
      <Filter>Header Files</Filter>
    </ClInclude>
    <ClInclude Include="RendererSettings.h">
      <Filter>Header Files</Filter>
    </ClInclude>
  </ItemGroup>
  <ItemGroup>
    <FxCompile Include="Shaders\PS_Simple.FX">
      <Filter>Header Files\ShaderFramework\HLSL Shaders</Filter>
    </FxCompile>
    <FxCompile Include="Shaders\VS_Simple.FX">
      <Filter>Header Files\ShaderFramework\HLSL Shaders</Filter>
    </FxCompile>
    <FxCompile Include="Shaders\VS_SimpleInstanced.FX">
      <Filter>Header Files\ShaderFramework\HLSL Shaders</Filter>
    </FxCompile>
  </ItemGroup>
</Project>